{
  "requires": true,
  "lockfileVersion": 1,
  "dependencies": {
    "minut1-palindrome": {
      "version": "0.2.0",
      "resolved": "https://registry.npmjs.org/minut1-palindrome/-/minut1-palindrome-0.2.0.tgz",
      "integrity": "sha512-yRN8017Oc+3JrvjgBpGs2LGgJdHaeSKwUJluc3jrv8SsuCe6/crPclM/KrUkrACW7gM3IxV8+1j/wXNK5ix4Cg=="
    }
  }
}
